
Microsoft Visual Studio Solution File, Format Version 12.00
# Visual Studio Version 16
VisualStudioVersion = 16.0.31624.102
MinimumVisualStudioVersion = 10.0.40219.1
Project("{FAE04EC0-301F-11D3-BF4B-00C04F79EFBC}") = "nakov-zadachi", "nakov-zadachi\nakov-zadachi.csproj", "{BD2917C2-D64F-4715-8C31-005A17FBF94D}"
EndProject
Global
	GlobalSection(SolutionConfigurationPlatforms) = preSolution
		Debug|Any CPU = Debug|Any CPU
		Release|Any CPU = Release|Any CPU
	EndGlobalSection
	GlobalSection(ProjectConfigurationPlatforms) = postSolution
		{BD2917C2-D64F-4715-8C31-005A17FBF94D}.Debug|Any CPU.ActiveCfg = Debug|Any CPU
		{BD2917C2-D64F-4715-8C31-005A17FBF94D}.Debug|Any CPU.Build.0 = Debug|Any CPU
		{BD2917C2-D64F-4715-8C31-005A17FBF94D}.Release|Any CPU.ActiveCfg = Release|Any CPU
		{BD2917C2-D64F-4715-8C31-005A17FBF94D}.Release|Any CPU.Build.0 = Release|Any CPU
	EndGlobalSection
	GlobalSection(SolutionProperties) = preSolution
		HideSolutionNode = FALSE
	EndGlobalSection
	GlobalSection(ExtensibilityGlobals) = postSolution
		SolutionGuid = {48EA7E9A-3A4B-4159-91D1-C64212486229}
	EndGlobalSection
EndGlobal
